
Microsoft Visual Studio Solution File, Format Version 12.00
# Visual Studio Version 17
VisualStudioVersion = 17.14.36414.22 d17.14
MinimumVisualStudioVersion = 10.0.40219.1
Project("{8BC9CEB8-8B4A-11D0-8D11-00A0C91BC942}") = "MyLittleKombat", "MyLittleKombat\MyLittleKombat.vcxproj", "{29080AE0-6743-468F-A69C-769CC5463CA3}"
EndProject
Global
	GlobalSection(SolutionConfigurationPlatforms) = preSolution
		Debug|x64 = Debug|x64
		Debug|x86 = Debug|x86
		Release|x64 = Release|x64
		Release|x86 = Release|x86
	EndGlobalSection
	GlobalSection(ProjectConfigurationPlatforms) = postSolution
		{29080AE0-6743-468F-A69C-769CC5463CA3}.Debug|x64.ActiveCfg = Debug|x64
		{29080AE0-6743-468F-A69C-769CC5463CA3}.Debug|x64.Build.0 = Debug|x64
		{29080AE0-6743-468F-A69C-769CC5463CA3}.Debug|x86.ActiveCfg = Debug|Win32
		{29080AE0-6743-468F-A69C-769CC5463CA3}.Debug|x86.Build.0 = Debug|Win32
		{29080AE0-6743-468F-A69C-769CC5463CA3}.Release|x64.ActiveCfg = Release|x64
		{29080AE0-6743-468F-A69C-769CC5463CA3}.Release|x64.Build.0 = Release|x64
		{29080AE0-6743-468F-A69C-769CC5463CA3}.Release|x86.ActiveCfg = Release|Win32
		{29080AE0-6743-468F-A69C-769CC5463CA3}.Release|x86.Build.0 = Release|Win32
	EndGlobalSection
	GlobalSection(SolutionProperties) = preSolution
		HideSolutionNode = FALSE
	EndGlobalSection
	GlobalSection(ExtensibilityGlobals) = postSolution
		SolutionGuid = {317826DD-77C4-41F6-B618-A5EBB8E1A152}
	EndGlobalSection
EndGlobal
